
Microsoft Visual Studio Solution File, Format Version 12.00
# Visual Studio Version 16
VisualStudioVersion = 16.0.29911.84
MinimumVisualStudioVersion = 10.0.40219.1
Project("{FAE04EC0-301F-11D3-BF4B-00C04F79EFBC}") = "PlurasightBot", "PlurasightBot.csproj", "{EBC77676-4351-4BC5-A587-66D5C4A70798}"
EndProject
Global
	GlobalSection(SolutionConfigurationPlatforms) = preSolution
		Debug|Any CPU = Debug|Any CPU
		Release|Any CPU = Release|Any CPU
	EndGlobalSection
	GlobalSection(ProjectConfigurationPlatforms) = postSolution
		{EBC77676-4351-4BC5-A587-66D5C4A70798}.Debug|Any CPU.ActiveCfg = Debug|Any CPU
		{EBC77676-4351-4BC5-A587-66D5C4A70798}.Debug|Any CPU.Build.0 = Debug|Any CPU
		{EBC77676-4351-4BC5-A587-66D5C4A70798}.Release|Any CPU.ActiveCfg = Release|Any CPU
		{EBC77676-4351-4BC5-A587-66D5C4A70798}.Release|Any CPU.Build.0 = Release|Any CPU
	EndGlobalSection
	GlobalSection(SolutionProperties) = preSolution
		HideSolutionNode = FALSE
	EndGlobalSection
	GlobalSection(ExtensibilityGlobals) = postSolution
		SolutionGuid = {EFEBB244-930F-46D3-8894-6C87FE496166}
	EndGlobalSection
EndGlobal
